
Microsoft Visual Studio Solution File, Format Version 12.00
# Visual Studio Version 17
VisualStudioVersion = 17.7.34202.233
MinimumVisualStudioVersion = 10.0.40219.1
Project("{FAE04EC0-301F-11D3-BF4B-00C04F79EFBC}") = "Empleados", "Empleados\Empleados.csproj", "{30D88E58-337C-4C16-98DA-1510E9C9D448}"
EndProject
Global
	GlobalSection(SolutionConfigurationPlatforms) = preSolution
		Debug|Any CPU = Debug|Any CPU
		Release|Any CPU = Release|Any CPU
	EndGlobalSection
	GlobalSection(ProjectConfigurationPlatforms) = postSolution
		{30D88E58-337C-4C16-98DA-1510E9C9D448}.Debug|Any CPU.ActiveCfg = Debug|Any CPU
		{30D88E58-337C-4C16-98DA-1510E9C9D448}.Debug|Any CPU.Build.0 = Debug|Any CPU
		{30D88E58-337C-4C16-98DA-1510E9C9D448}.Release|Any CPU.ActiveCfg = Release|Any CPU
		{30D88E58-337C-4C16-98DA-1510E9C9D448}.Release|Any CPU.Build.0 = Release|Any CPU
	EndGlobalSection
	GlobalSection(SolutionProperties) = preSolution
		HideSolutionNode = FALSE
	EndGlobalSection
	GlobalSection(ExtensibilityGlobals) = postSolution
		SolutionGuid = {33064C3E-DC4A-4488-87A2-59E4C2DAACC1}
	EndGlobalSection
EndGlobal
